
Microsoft Visual Studio Solution File, Format Version 12.00
# Visual Studio Version 17
VisualStudioVersion = 17.8.34330.188
MinimumVisualStudioVersion = 10.0.40219.1
Project("{8BC9CEB8-8B4A-11D0-8D11-00A0C91BC942}") = "empty-project", "src\empty-project.vcxproj", "{A6378CBC-F5A2-44EE-8C1C-97F5B2BC8326}"
EndProject
Global
	GlobalSection(SolutionConfigurationPlatforms) = preSolution
		Debug|x64 = Debug|x64
		Debug|x86 = Debug|x86
		Release|x64 = Release|x64
		Release|x86 = Release|x86
	EndGlobalSection
	GlobalSection(ProjectConfigurationPlatforms) = postSolution
		{A6378CBC-F5A2-44EE-8C1C-97F5B2BC8326}.Debug|x64.ActiveCfg = Debug|x64
		{A6378CBC-F5A2-44EE-8C1C-97F5B2BC8326}.Debug|x64.Build.0 = Debug|x64
		{A6378CBC-F5A2-44EE-8C1C-97F5B2BC8326}.Debug|x86.ActiveCfg = Debug|Win32
		{A6378CBC-F5A2-44EE-8C1C-97F5B2BC8326}.Debug|x86.Build.0 = Debug|Win32
		{A6378CBC-F5A2-44EE-8C1C-97F5B2BC8326}.Release|x64.ActiveCfg = Release|x64
		{A6378CBC-F5A2-44EE-8C1C-97F5B2BC8326}.Release|x64.Build.0 = Release|x64
		{A6378CBC-F5A2-44EE-8C1C-97F5B2BC8326}.Release|x86.ActiveCfg = Release|Win32
		{A6378CBC-F5A2-44EE-8C1C-97F5B2BC8326}.Release|x86.Build.0 = Release|Win32
	EndGlobalSection
	GlobalSection(SolutionProperties) = preSolution
		HideSolutionNode = FALSE
	EndGlobalSection
	GlobalSection(ExtensibilityGlobals) = postSolution
		SolutionGuid = {C34E25E0-3F1D-4D2C-AA38-0C6E96DAEDA4}
	EndGlobalSection
EndGlobal
